// !$*UTF8*$!
{
	archiveVersion = 1;
	classes = {
	};
	objectVersion = 55;
	objects = {

/* Begin PBXBuildFile section */
		B4186023280ED1850089E60F /* signOut.json in Resources */ = {isa = PBXBuildFile; fileRef = B4186022280ED1850089E60F /* signOut.json */; };
		B4186025280ED5A40089E60F /* CustomPocketMoneyButton.swift in Sources */ = {isa = PBXBuildFile; fileRef = B4186024280ED5A40089E60F /* CustomPocketMoneyButton.swift */; };
		B4186027280EDB090089E60F /* savings.json in Resources */ = {isa = PBXBuildFile; fileRef = B4186026280EDB090089E60F /* savings.json */; };
		B4186029281008360089E60F /* CardBackView.swift in Sources */ = {isa = PBXBuildFile; fileRef = B4186028281008360089E60F /* CardBackView.swift */; };
		B428097727FF1AE2002F9365 /* LaunchScreen.storyboard in Resources */ = {isa = PBXBuildFile; fileRef = B428097627FF1AE2002F9365 /* LaunchScreen.storyboard */; };
		B4367836280DAD8900189041 /* loadingPurple.json in Resources */ = {isa = PBXBuildFile; fileRef = B4367835280DAD8900189041 /* loadingPurple.json */; };
		B436783A280DB18500189041 /* loadingSuccess.json in Resources */ = {isa = PBXBuildFile; fileRef = B4367839280DB18500189041 /* loadingSuccess.json */; };
		B436783C280DE68B00189041 /* MathGame.swift in Sources */ = {isa = PBXBuildFile; fileRef = B436783B280DE68B00189041 /* MathGame.swift */; };
		B436783F280DF4C800189041 /* wrong.json in Resources */ = {isa = PBXBuildFile; fileRef = B436783D280DF4C800189041 /* wrong.json */; };
		B4367842280DF5C600189041 /* correct.json in Resources */ = {isa = PBXBuildFile; fileRef = B4367841280DF5C600189041 /* correct.json */; };
		B4367844280EC46B00189041 /* ChatBot.swift in Sources */ = {isa = PBXBuildFile; fileRef = B4367843280EC46B00189041 /* ChatBot.swift */; };
		B43A7E122706274700244A76 /* kidView4.json in Resources */ = {isa = PBXBuildFile; fileRef = B43A7E0F2706274700244A76 /* kidView4.json */; };
		B43A7E132706274700244A76 /* kidView2.json in Resources */ = {isa = PBXBuildFile; fileRef = B43A7E102706274700244A76 /* kidView2.json */; };
		B43A7E142706274700244A76 /* kidView3.json in Resources */ = {isa = PBXBuildFile; fileRef = B43A7E112706274700244A76 /* kidView3.json */; };
		B444C8D32812C69B00628BFC /* Alamofire in Frameworks */ = {isa = PBXBuildFile; productRef = B444C8D22812C69B00628BFC /* Alamofire */; };
		B444C8D62812C6D300628BFC /* Currency.swift in Sources */ = {isa = PBXBuildFile; fileRef = B444C8D52812C6D300628BFC /* Currency.swift */; };
		B444C8D82812EAAB00628BFC /* CurrencyRatesViewModel.swift in Sources */ = {isa = PBXBuildFile; fileRef = B444C8D72812EAAB00628BFC /* CurrencyRatesViewModel.swift */; };
		B444C8DB2812F1C500628BFC /* TransferSaveViewModel.swift in Sources */ = {isa = PBXBuildFile; fileRef = B444C8DA2812F1C500628BFC /* TransferSaveViewModel.swift */; };
		B444C8E12816DE0700628BFC /* PocketMoney.swift in Sources */ = {isa = PBXBuildFile; fileRef = B444C8E02816DE0700628BFC /* PocketMoney.swift */; };
		B444C8E32817035700628BFC /* wallet.json in Resources */ = {isa = PBXBuildFile; fileRef = B444C8E22817035600628BFC /* wallet.json */; };
		B444C8E628170B9B00628BFC /* ImagePicker.swift in Sources */ = {isa = PBXBuildFile; fileRef = B444C8E528170B9B00628BFC /* ImagePicker.swift */; };
		B44AC77D2812C487008F92E6 /* CurrencyRates.swift in Sources */ = {isa = PBXBuildFile; fileRef = B44AC77C2812C487008F92E6 /* CurrencyRates.swift */; };
		B461D40527DB72F2003ACBE8 /* CardType.swift in Sources */ = {isa = PBXBuildFile; fileRef = B461D40427DB72F2003ACBE8 /* CardType.swift */; };
		B461D40727DB7322003ACBE8 /* CreditCard.swift in Sources */ = {isa = PBXBuildFile; fileRef = B461D40627DB7322003ACBE8 /* CreditCard.swift */; };
		B461D40927DB7885003ACBE8 /* TransactionItem.swift in Sources */ = {isa = PBXBuildFile; fileRef = B461D40827DB7885003ACBE8 /* TransactionItem.swift */; };
		B461D40B27DB78D6003ACBE8 /* Expense.swift in Sources */ = {isa = PBXBuildFile; fileRef = B461D40A27DB78D6003ACBE8 /* Expense.swift */; };
		B461D40E27DB7960003ACBE8 /* Data.swift in Sources */ = {isa = PBXBuildFile; fileRef = B461D40D27DB7960003ACBE8 /* Data.swift */; };
		B461D41027DB7BD3003ACBE8 /* ColorConstants.swift in Sources */ = {isa = PBXBuildFile; fileRef = B461D40F27DB7BD3003ACBE8 /* ColorConstants.swift */; };
		B461D41327DB7CD9003ACBE8 /* CardManager.swift in Sources */ = {isa = PBXBuildFile; fileRef = B461D41227DB7CD9003ACBE8 /* CardManager.swift */; };
		B461D41627DB7D83003ACBE8 /* CardView.swift in Sources */ = {isa = PBXBuildFile; fileRef = B461D41527DB7D83003ACBE8 /* CardView.swift */; };
		B461D41827DB81A0003ACBE8 /* PagerView.swift in Sources */ = {isa = PBXBuildFile; fileRef = B461D41727DB81A0003ACBE8 /* PagerView.swift */; };
		B461D41A27DB83AF003ACBE8 /* MenuHeaderView.swift in Sources */ = {isa = PBXBuildFile; fileRef = B461D41927DB83AF003ACBE8 /* MenuHeaderView.swift */; };
		B461D41C27DB8A71003ACBE8 /* TransactionListRow.swift in Sources */ = {isa = PBXBuildFile; fileRef = B461D41B27DB8A71003ACBE8 /* TransactionListRow.swift */; };
		B461D41E27DB8B2B003ACBE8 /* TransactionListView.swift in Sources */ = {isa = PBXBuildFile; fileRef = B461D41D27DB8B2B003ACBE8 /* TransactionListView.swift */; };
		B461D42027DB8B9D003ACBE8 /* ListHeader.swift in Sources */ = {isa = PBXBuildFile; fileRef = B461D41F27DB8B9D003ACBE8 /* ListHeader.swift */; };
		B461D42327DB8BF5003ACBE8 /* ProgressView.swift in Sources */ = {isa = PBXBuildFile; fileRef = B461D42227DB8BF5003ACBE8 /* ProgressView.swift */; };
		B461D42527DB8CAE003ACBE8 /* CardInfoView.swift in Sources */ = {isa = PBXBuildFile; fileRef = B461D42427DB8CAE003ACBE8 /* CardInfoView.swift */; };
		B461D42727DB8CF4003ACBE8 /* GraphView.swift in Sources */ = {isa = PBXBuildFile; fileRef = B461D42627DB8CF4003ACBE8 /* GraphView.swift */; };
		B461D42927DB8D2C003ACBE8 /* CardDetailView.swift in Sources */ = {isa = PBXBuildFile; fileRef = B461D42827DB8D2C003ACBE8 /* CardDetailView.swift */; };
		B46225232809D2920020B810 /* CustomHomeButton.swift in Sources */ = {isa = PBXBuildFile; fileRef = B46225222809D2920020B810 /* CustomHomeButton.swift */; };
		B4622525280D864C0020B810 /* TransferSaveView.swift in Sources */ = {isa = PBXBuildFile; fileRef = B4622524280D864C0020B810 /* TransferSaveView.swift */; };
		B4622527280D8A080020B810 /* SavingMoneyView.swift in Sources */ = {isa = PBXBuildFile; fileRef = B4622526280D8A080020B810 /* SavingMoneyView.swift */; };
		B4622529280D97560020B810 /* CardTransfer.swift in Sources */ = {isa = PBXBuildFile; fileRef = B4622528280D97560020B810 /* CardTransfer.swift */; };
		B46EC1C427EC031A0071DCAD /* (null) in Embed Frameworks */ = {isa = PBXBuildFile; settings = {ATTRIBUTES = (CodeSignOnCopy, RemoveHeadersOnCopy, ); }; };
		B47AAA98281056AF0072B748 /* AddPocketMoneyView.swift in Sources */ = {isa = PBXBuildFile; fileRef = B47AAA97281056AF0072B748 /* AddPocketMoneyView.swift */; };
		B47AAA9A2811A2B20072B748 /* SignInViewModel.swift in Sources */ = {isa = PBXBuildFile; fileRef = B47AAA992811A2B20072B748 /* SignInViewModel.swift */; };
		B48A7ABF27F1BE4300A6E73B /* GoogleService-Info.plist in Resources */ = {isa = PBXBuildFile; fileRef = B48A7ABE27F1BE4300A6E73B /* GoogleService-Info.plist */; };
		B4CAAE7928171BEB00FD7D51 /* ProfileViewModel.swift in Sources */ = {isa = PBXBuildFile; fileRef = B4CAAE7828171BEA00FD7D51 /* ProfileViewModel.swift */; };
		B4D3625927DF7B0F004A37DA /* PersonalDetailView.swift in Sources */ = {isa = PBXBuildFile; fileRef = B4D3625827DF7B0F004A37DA /* PersonalDetailView.swift */; };
		B4D3625C27EA1481004A37DA /* SideMenuView.swift in Sources */ = {isa = PBXBuildFile; fileRef = B4D3625B27EA1481004A37DA /* SideMenuView.swift */; };
		B4D3625E27EA148E004A37DA /* SideMenuHeaderView.swift in Sources */ = {isa = PBXBuildFile; fileRef = B4D3625D27EA148E004A37DA /* SideMenuHeaderView.swift */; };
		B4D3626027EA149D004A37DA /* SideMenuCellView.swift in Sources */ = {isa = PBXBuildFile; fileRef = B4D3625F27EA149D004A37DA /* SideMenuCellView.swift */; };
		B4D3626227EA14BD004A37DA /* SideMenuViewModel.swift in Sources */ = {isa = PBXBuildFile; fileRef = B4D3626127EA14BD004A37DA /* SideMenuViewModel.swift */; };
		B4D3626427EB7A9E004A37DA /* TopBarView.swift in Sources */ = {isa = PBXBuildFile; fileRef = B4D3626327EB7A9D004A37DA /* TopBarView.swift */; };
		B4D3626627EB99FB004A37DA /* User.swift in Sources */ = {isa = PBXBuildFile; fileRef = B4D3626527EB99FA004A37DA /* User.swift */; };
		B4E7CE1827FCAF1E00C66864 /* AddKidView.swift in Sources */ = {isa = PBXBuildFile; fileRef = B4E7CE1727FCAF1E00C66864 /* AddKidView.swift */; };
		B4E7CE1A27FD8C6B00C66864 /* ProfileView.swift in Sources */ = {isa = PBXBuildFile; fileRef = B4E7CE1927FD8C6B00C66864 /* ProfileView.swift */; };
		B4E7CE1D27FD8E5F00C66864 /* SDWebImageSwiftUI in Frameworks */ = {isa = PBXBuildFile; productRef = B4E7CE1C27FD8E5F00C66864 /* SDWebImageSwiftUI */; };
		B4F8BC202701FA240028D2EF /* KidsApp.swift in Sources */ = {isa = PBXBuildFile; fileRef = B4F8BC1F2701FA240028D2EF /* KidsApp.swift */; };
		B4F8BC222701FA240028D2EF /* ContentView.swift in Sources */ = {isa = PBXBuildFile; fileRef = B4F8BC212701FA240028D2EF /* ContentView.swift */; };
		B4F8BC242701FA270028D2EF /* Assets.xcassets in Resources */ = {isa = PBXBuildFile; fileRef = B4F8BC232701FA270028D2EF /* Assets.xcassets */; };
		B4F8BC272701FA270028D2EF /* Preview Assets.xcassets in Resources */ = {isa = PBXBuildFile; fileRef = B4F8BC262701FA270028D2EF /* Preview Assets.xcassets */; };
		B4F8BC332702114F0028D2EF /* SignInView.swift in Sources */ = {isa = PBXBuildFile; fileRef = B4F8BC322702114F0028D2EF /* SignInView.swift */; };
		B4F8BC35270211A00028D2EF /* SignUpView.swift in Sources */ = {isa = PBXBuildFile; fileRef = B4F8BC34270211A00028D2EF /* SignUpView.swift */; };
		B4F8BC3A2702197D0028D2EF /* AuthManager.swift in Sources */ = {isa = PBXBuildFile; fileRef = B4F8BC392702197D0028D2EF /* AuthManager.swift */; };
		B4F8BC3D270219CB0028D2EF /* HomeView.swift in Sources */ = {isa = PBXBuildFile; fileRef = B4F8BC3C270219CB0028D2EF /* HomeView.swift */; };
		B4F8BC42270233CF0028D2EF /* Lottie in Frameworks */ = {isa = PBXBuildFile; productRef = B4F8BC41270233CF0028D2EF /* Lottie */; };
		B4F8BC47270234F60028D2EF /* loaderYellow.json in Resources */ = {isa = PBXBuildFile; fileRef = B4F8BC44270234F60028D2EF /* loaderYellow.json */; };
		B4F8BC48270234F60028D2EF /* loading.json in Resources */ = {isa = PBXBuildFile; fileRef = B4F8BC45270234F60028D2EF /* loading.json */; };
		B4F8BC49270234F60028D2EF /* save.json in Resources */ = {isa = PBXBuildFile; fileRef = B4F8BC46270234F60028D2EF /* save.json */; };
		B4F8BC4B2702351F0028D2EF /* LottieView.swift in Sources */ = {isa = PBXBuildFile; fileRef = B4F8BC4A2702351F0028D2EF /* LottieView.swift */; };
		B4F8BC4D27023A2B0028D2EF /* loadingView.json in Resources */ = {isa = PBXBuildFile; fileRef = B4F8BC4C27023A2B0028D2EF /* loadingView.json */; };
		B4F8BC4F27023D720028D2EF /* load.json in Resources */ = {isa = PBXBuildFile; fileRef = B4F8BC4E27023D710028D2EF /* load.json */; };
		B4F8BC5B27031D8A0028D2EF /* CustomTF.swift in Sources */ = {isa = PBXBuildFile; fileRef = B4F8BC5A27031D8A0028D2EF /* CustomTF.swift */; };
		B4F8BC5D27033C620028D2EF /* CustomButtonModifier.swift in Sources */ = {isa = PBXBuildFile; fileRef = B4F8BC5C27033C610028D2EF /* CustomButtonModifier.swift */; };
		B4F8BC5F270360B20028D2EF /* Loading.swift in Sources */ = {isa = PBXBuildFile; fileRef = B4F8BC5E270360B20028D2EF /* Loading.swift */; };
		B4F8BC61270362E40028D2EF /* loadingDots.json in Resources */ = {isa = PBXBuildFile; fileRef = B4F8BC60270362E40028D2EF /* loadingDots.json */; };
		B4F8BC6327036F0A0028D2EF /* KeyboardResponsive.swift in Sources */ = {isa = PBXBuildFile; fileRef = B4F8BC6227036F0A0028D2EF /* KeyboardResponsive.swift */; };
		B4F8BC65270375480028D2EF /* TutorialView.swift in Sources */ = {isa = PBXBuildFile; fileRef = B4F8BC64270375470028D2EF /* TutorialView.swift */; };
		B4F8BC682703769E0028D2EF /* kidView1.json in Resources */ = {isa = PBXBuildFile; fileRef = B4F8BC662703769D0028D2EF /* kidView1.json */; };
		B4F8BC692703769E0028D2EF /* pocketMoney.json in Resources */ = {isa = PBXBuildFile; fileRef = B4F8BC672703769E0028D2EF /* pocketMoney.json */; };
		B4F8BC6B270387CF0028D2EF /* SignUpViewModel.swift in Sources */ = {isa = PBXBuildFile; fileRef = B4F8BC6A270387CE0028D2EF /* SignUpViewModel.swift */; };
		B4F8BC6E2704695F0028D2EF /* HomeViewModel.swift in Sources */ = {isa = PBXBuildFile; fileRef = B4F8BC6D2704695D0028D2EF /* HomeViewModel.swift */; };
		B4FD9A0627EC125E001E5B0F /* FirebaseAnalytics in Frameworks */ = {isa = PBXBuildFile; productRef = B4FD9A0527EC125E001E5B0F /* FirebaseAnalytics */; };
		B4FD9A0827EC125E001E5B0F /* FirebaseAuth in Frameworks */ = {isa = PBXBuildFile; productRef = B4FD9A0727EC125E001E5B0F /* FirebaseAuth */; };
		B4FD9A0A27EC125E001E5B0F /* FirebaseFirestore in Frameworks */ = {isa = PBXBuildFile; productRef = B4FD9A0927EC125E001E5B0F /* FirebaseFirestore */; };
		B4FD9A0C27EC125E001E5B0F /* FirebaseFirestoreSwift-Beta in Frameworks */ = {isa = PBXBuildFile; productRef = B4FD9A0B27EC125E001E5B0F /* FirebaseFirestoreSwift-Beta */; };
		B4FD9A0E27EC125E001E5B0F /* FirebaseMessaging in Frameworks */ = {isa = PBXBuildFile; productRef = B4FD9A0D27EC125E001E5B0F /* FirebaseMessaging */; };
		B4FD9A1027EC125E001E5B0F /* FirebaseStorage in Frameworks */ = {isa = PBXBuildFile; productRef = B4FD9A0F27EC125E001E5B0F /* FirebaseStorage */; };
/* End PBXBuildFile section */

/* Begin PBXCopyFilesBuildPhase section */
		B46EC1C527EC031A0071DCAD /* Embed Frameworks */ = {
			isa = PBXCopyFilesBuildPhase;
			buildActionMask = 2147483647;
			dstPath = "";
			dstSubfolderSpec = 10;
			files = (
				B46EC1C427EC031A0071DCAD /* (null) in Embed Frameworks */,
			);
			name = "Embed Frameworks";
			runOnlyForDeploymentPostprocessing = 0;
		};
/* End PBXCopyFilesBuildPhase section */

/* Begin PBXFileReference section */
		B4186022280ED1850089E60F /* signOut.json */ = {isa = PBXFileReference; fileEncoding = 4; lastKnownFileType = text.json; path = signOut.json; sourceTree = "<group>"; };
		B4186024280ED5A40089E60F /* CustomPocketMoneyButton.swift */ = {isa = PBXFileReference; lastKnownFileType = sourcecode.swift; path = CustomPocketMoneyButton.swift; sourceTree = "<group>"; };
		B4186026280EDB090089E60F /* savings.json */ = {isa = PBXFileReference; fileEncoding = 4; lastKnownFileType = text.json; path = savings.json; sourceTree = "<group>"; };
		B4186028281008360089E60F /* CardBackView.swift */ = {isa = PBXFileReference; lastKnownFileType = sourcecode.swift; path = CardBackView.swift; sourceTree = "<group>"; };
		B428097627FF1AE2002F9365 /* LaunchScreen.storyboard */ = {isa = PBXFileReference; lastKnownFileType = file.storyboard; path = LaunchScreen.storyboard; sourceTree = "<group>"; };
		B4367835280DAD8900189041 /* loadingPurple.json */ = {isa = PBXFileReference; fileEncoding = 4; lastKnownFileType = text.json; path = loadingPurple.json; sourceTree = "<group>"; };
		B4367839280DB18500189041 /* loadingSuccess.json */ = {isa = PBXFileReference; fileEncoding = 4; lastKnownFileType = text.json; path = loadingSuccess.json; sourceTree = "<group>"; };
		B436783B280DE68B00189041 /* MathGame.swift */ = {isa = PBXFileReference; lastKnownFileType = sourcecode.swift; path = MathGame.swift; sourceTree = "<group>"; };
		B436783D280DF4C800189041 /* wrong.json */ = {isa = PBXFileReference; fileEncoding = 4; lastKnownFileType = text.json; path = wrong.json; sourceTree = "<group>"; };
		B4367841280DF5C600189041 /* correct.json */ = {isa = PBXFileReference; fileEncoding = 4; lastKnownFileType = text.json; name = correct.json; path = ../../../../correct.json; sourceTree = "<group>"; };
		B4367843280EC46B00189041 /* ChatBot.swift */ = {isa = PBXFileReference; lastKnownFileType = sourcecode.swift; path = ChatBot.swift; sourceTree = "<group>"; };
		B43A7E0F2706274700244A76 /* kidView4.json */ = {isa = PBXFileReference; fileEncoding = 4; lastKnownFileType = text.json; path = kidView4.json; sourceTree = "<group>"; };
		B43A7E102706274700244A76 /* kidView2.json */ = {isa = PBXFileReference; fileEncoding = 4; lastKnownFileType = text.json; path = kidView2.json; sourceTree = "<group>"; };
		B43A7E112706274700244A76 /* kidView3.json */ = {isa = PBXFileReference; fileEncoding = 4; lastKnownFileType = text.json; path = kidView3.json; sourceTree = "<group>"; };
		B444C8D52812C6D300628BFC /* Currency.swift */ = {isa = PBXFileReference; lastKnownFileType = sourcecode.swift; path = Currency.swift; sourceTree = "<group>"; };
		B444C8D72812EAAB00628BFC /* CurrencyRatesViewModel.swift */ = {isa = PBXFileReference; lastKnownFileType = sourcecode.swift; path = CurrencyRatesViewModel.swift; sourceTree = "<group>"; };
		B444C8DA2812F1C500628BFC /* TransferSaveViewModel.swift */ = {isa = PBXFileReference; lastKnownFileType = sourcecode.swift; path = TransferSaveViewModel.swift; sourceTree = "<group>"; };
		B444C8E02816DE0700628BFC /* PocketMoney.swift */ = {isa = PBXFileReference; lastKnownFileType = sourcecode.swift; path = PocketMoney.swift; sourceTree = "<group>"; };
		B444C8E22817035600628BFC /* wallet.json */ = {isa = PBXFileReference; fileEncoding = 4; lastKnownFileType = text.json; path = wallet.json; sourceTree = "<group>"; };
		B444C8E528170B9B00628BFC /* ImagePicker.swift */ = {isa = PBXFileReference; lastKnownFileType = sourcecode.swift; path = ImagePicker.swift; sourceTree = "<group>"; };
		B44AC77C2812C487008F92E6 /* CurrencyRates.swift */ = {isa = PBXFileReference; lastKnownFileType = sourcecode.swift; path = CurrencyRates.swift; sourceTree = "<group>"; };
		B461D40427DB72F2003ACBE8 /* CardType.swift */ = {isa = PBXFileReference; lastKnownFileType = sourcecode.swift; path = CardType.swift; sourceTree = "<group>"; };
		B461D40627DB7322003ACBE8 /* CreditCard.swift */ = {isa = PBXFileReference; lastKnownFileType = sourcecode.swift; path = CreditCard.swift; sourceTree = "<group>"; };
		B461D40827DB7885003ACBE8 /* TransactionItem.swift */ = {isa = PBXFileReference; lastKnownFileType = sourcecode.swift; path = TransactionItem.swift; sourceTree = "<group>"; };
		B461D40A27DB78D6003ACBE8 /* Expense.swift */ = {isa = PBXFileReference; lastKnownFileType = sourcecode.swift; path = Expense.swift; sourceTree = "<group>"; };
		B461D40D27DB7960003ACBE8 /* Data.swift */ = {isa = PBXFileReference; lastKnownFileType = sourcecode.swift; path = Data.swift; sourceTree = "<group>"; };
		B461D40F27DB7BD3003ACBE8 /* ColorConstants.swift */ = {isa = PBXFileReference; lastKnownFileType = sourcecode.swift; path = ColorConstants.swift; sourceTree = "<group>"; };
		B461D41227DB7CD9003ACBE8 /* CardManager.swift */ = {isa = PBXFileReference; lastKnownFileType = sourcecode.swift; path = CardManager.swift; sourceTree = "<group>"; };
		B461D41527DB7D83003ACBE8 /* CardView.swift */ = {isa = PBXFileReference; lastKnownFileType = sourcecode.swift; path = CardView.swift; sourceTree = "<group>"; };
		B461D41727DB81A0003ACBE8 /* PagerView.swift */ = {isa = PBXFileReference; lastKnownFileType = sourcecode.swift; path = PagerView.swift; sourceTree = "<group>"; };
		B461D41927DB83AF003ACBE8 /* MenuHeaderView.swift */ = {isa = PBXFileReference; lastKnownFileType = sourcecode.swift; path = MenuHeaderView.swift; sourceTree = "<group>"; };
		B461D41B27DB8A71003ACBE8 /* TransactionListRow.swift */ = {isa = PBXFileReference; lastKnownFileType = sourcecode.swift; path = TransactionListRow.swift; sourceTree = "<group>"; };
		B461D41D27DB8B2B003ACBE8 /* TransactionListView.swift */ = {isa = PBXFileReference; lastKnownFileType = sourcecode.swift; path = TransactionListView.swift; sourceTree = "<group>"; };
		B461D41F27DB8B9D003ACBE8 /* ListHeader.swift */ = {isa = PBXFileReference; lastKnownFileType = sourcecode.swift; path = ListHeader.swift; sourceTree = "<group>"; };
		B461D42227DB8BF5003ACBE8 /* ProgressView.swift */ = {isa = PBXFileReference; lastKnownFileType = sourcecode.swift; path = ProgressView.swift; sourceTree = "<group>"; };
		B461D42427DB8CAE003ACBE8 /* CardInfoView.swift */ = {isa = PBXFileReference; lastKnownFileType = sourcecode.swift; path = CardInfoView.swift; sourceTree = "<group>"; };
		B461D42627DB8CF4003ACBE8 /* GraphView.swift */ = {isa = PBXFileReference; lastKnownFileType = sourcecode.swift; path = GraphView.swift; sourceTree = "<group>"; };
		B461D42827DB8D2C003ACBE8 /* CardDetailView.swift */ = {isa = PBXFileReference; lastKnownFileType = sourcecode.swift; path = CardDetailView.swift; sourceTree = "<group>"; };
		B46225222809D2920020B810 /* CustomHomeButton.swift */ = {isa = PBXFileReference; lastKnownFileType = sourcecode.swift; path = CustomHomeButton.swift; sourceTree = "<group>"; };
		B4622524280D864C0020B810 /* TransferSaveView.swift */ = {isa = PBXFileReference; lastKnownFileType = sourcecode.swift; path = TransferSaveView.swift; sourceTree = "<group>"; };
		B4622526280D8A080020B810 /* SavingMoneyView.swift */ = {isa = PBXFileReference; lastKnownFileType = sourcecode.swift; path = SavingMoneyView.swift; sourceTree = "<group>"; };
		B4622528280D97560020B810 /* CardTransfer.swift */ = {isa = PBXFileReference; lastKnownFileType = sourcecode.swift; path = CardTransfer.swift; sourceTree = "<group>"; };
		B46EC1C627EC03330071DCAD /* FirebaseAuth.framework */ = {isa = PBXFileReference; explicitFileType = wrapper.framework; path = FirebaseAuth.framework; sourceTree = BUILT_PRODUCTS_DIR; };
		B46EC1C727EC03330071DCAD /* FirebaseFirestore.framework */ = {isa = PBXFileReference; explicitFileType = wrapper.framework; path = FirebaseFirestore.framework; sourceTree = BUILT_PRODUCTS_DIR; };
		B47AAA97281056AF0072B748 /* AddPocketMoneyView.swift */ = {isa = PBXFileReference; lastKnownFileType = sourcecode.swift; path = AddPocketMoneyView.swift; sourceTree = "<group>"; };
		B47AAA992811A2B20072B748 /* SignInViewModel.swift */ = {isa = PBXFileReference; lastKnownFileType = sourcecode.swift; path = SignInViewModel.swift; sourceTree = "<group>"; };
		B48A7ABE27F1BE4300A6E73B /* GoogleService-Info.plist */ = {isa = PBXFileReference; fileEncoding = 4; lastKnownFileType = text.plist.xml; path = "GoogleService-Info.plist"; sourceTree = "<group>"; };
		B4CAAE7828171BEA00FD7D51 /* ProfileViewModel.swift */ = {isa = PBXFileReference; lastKnownFileType = sourcecode.swift; path = ProfileViewModel.swift; sourceTree = "<group>"; };
		B4D3625827DF7B0F004A37DA /* PersonalDetailView.swift */ = {isa = PBXFileReference; lastKnownFileType = sourcecode.swift; path = PersonalDetailView.swift; sourceTree = "<group>"; };
		B4D3625B27EA1481004A37DA /* SideMenuView.swift */ = {isa = PBXFileReference; lastKnownFileType = sourcecode.swift; path = SideMenuView.swift; sourceTree = "<group>"; };
		B4D3625D27EA148E004A37DA /* SideMenuHeaderView.swift */ = {isa = PBXFileReference; lastKnownFileType = sourcecode.swift; path = SideMenuHeaderView.swift; sourceTree = "<group>"; };
		B4D3625F27EA149D004A37DA /* SideMenuCellView.swift */ = {isa = PBXFileReference; lastKnownFileType = sourcecode.swift; path = SideMenuCellView.swift; sourceTree = "<group>"; };
		B4D3626127EA14BD004A37DA /* SideMenuViewModel.swift */ = {isa = PBXFileReference; lastKnownFileType = sourcecode.swift; path = SideMenuViewModel.swift; sourceTree = "<group>"; };
		B4D3626327EB7A9D004A37DA /* TopBarView.swift */ = {isa = PBXFileReference; lastKnownFileType = sourcecode.swift; path = TopBarView.swift; sourceTree = "<group>"; };
		B4D3626527EB99FA004A37DA /* User.swift */ = {isa = PBXFileReference; lastKnownFileType = sourcecode.swift; path = User.swift; sourceTree = "<group>"; };
		B4E7CE1727FCAF1E00C66864 /* AddKidView.swift */ = {isa = PBXFileReference; lastKnownFileType = sourcecode.swift; path = AddKidView.swift; sourceTree = "<group>"; };
		B4E7CE1927FD8C6B00C66864 /* ProfileView.swift */ = {isa = PBXFileReference; lastKnownFileType = sourcecode.swift; path = ProfileView.swift; sourceTree = "<group>"; };
		B4F8BC1C2701FA240028D2EF /* KidsApp.app */ = {isa = PBXFileReference; explicitFileType = wrapper.application; includeInIndex = 0; path = KidsApp.app; sourceTree = BUILT_PRODUCTS_DIR; };
		B4F8BC1F2701FA240028D2EF /* KidsApp.swift */ = {isa = PBXFileReference; lastKnownFileType = sourcecode.swift; path = KidsApp.swift; sourceTree = "<group>"; };
		B4F8BC212701FA240028D2EF /* ContentView.swift */ = {isa = PBXFileReference; lastKnownFileType = sourcecode.swift; path = ContentView.swift; sourceTree = "<group>"; };
		B4F8BC232701FA270028D2EF /* Assets.xcassets */ = {isa = PBXFileReference; lastKnownFileType = folder.assetcatalog; path = Assets.xcassets; sourceTree = "<group>"; };
		B4F8BC262701FA270028D2EF /* Preview Assets.xcassets */ = {isa = PBXFileReference; lastKnownFileType = folder.assetcatalog; path = "Preview Assets.xcassets"; sourceTree = "<group>"; };
		B4F8BC322702114F0028D2EF /* SignInView.swift */ = {isa = PBXFileReference; lastKnownFileType = sourcecode.swift; path = SignInView.swift; sourceTree = "<group>"; };
		B4F8BC34270211A00028D2EF /* SignUpView.swift */ = {isa = PBXFileReference; lastKnownFileType = sourcecode.swift; path = SignUpView.swift; sourceTree = "<group>"; };
		B4F8BC392702197D0028D2EF /* AuthManager.swift */ = {isa = PBXFileReference; lastKnownFileType = sourcecode.swift; path = AuthManager.swift; sourceTree = "<group>"; };
		B4F8BC3C270219CB0028D2EF /* HomeView.swift */ = {isa = PBXFileReference; lastKnownFileType = sourcecode.swift; path = HomeView.swift; sourceTree = "<group>"; };
		B4F8BC44270234F60028D2EF /* loaderYellow.json */ = {isa = PBXFileReference; fileEncoding = 4; lastKnownFileType = text.json; path = loaderYellow.json; sourceTree = "<group>"; };
		B4F8BC45270234F60028D2EF /* loading.json */ = {isa = PBXFileReference; fileEncoding = 4; lastKnownFileType = text.json; path = loading.json; sourceTree = "<group>"; };
		B4F8BC46270234F60028D2EF /* save.json */ = {isa = PBXFileReference; fileEncoding = 4; lastKnownFileType = text.json; path = save.json; sourceTree = "<group>"; };
		B4F8BC4A2702351F0028D2EF /* LottieView.swift */ = {isa = PBXFileReference; lastKnownFileType = sourcecode.swift; path = LottieView.swift; sourceTree = "<group>"; };
		B4F8BC4C27023A2B0028D2EF /* loadingView.json */ = {isa = PBXFileReference; fileEncoding = 4; lastKnownFileType = text.json; path = loadingView.json; sourceTree = "<group>"; };
		B4F8BC4E27023D710028D2EF /* load.json */ = {isa = PBXFileReference; fileEncoding = 4; lastKnownFileType = text.json; path = load.json; sourceTree = "<group>"; };
		B4F8BC5A27031D8A0028D2EF /* CustomTF.swift */ = {isa = PBXFileReference; lastKnownFileType = sourcecode.swift; path = CustomTF.swift; sourceTree = "<group>"; };
		B4F8BC5C27033C610028D2EF /* CustomButtonModifier.swift */ = {isa = PBXFileReference; lastKnownFileType = sourcecode.swift; path = CustomButtonModifier.swift; sourceTree = "<group>"; };
		B4F8BC5E270360B20028D2EF /* Loading.swift */ = {isa = PBXFileReference; lastKnownFileType = sourcecode.swift; path = Loading.swift; sourceTree = "<group>"; };
		B4F8BC60270362E40028D2EF /* loadingDots.json */ = {isa = PBXFileReference; fileEncoding = 4; lastKnownFileType = text.json; path = loadingDots.json; sourceTree = "<group>"; };
		B4F8BC6227036F0A0028D2EF /* KeyboardResponsive.swift */ = {isa = PBXFileReference; lastKnownFileType = sourcecode.swift; path = KeyboardResponsive.swift; sourceTree = "<group>"; };
		B4F8BC64270375470028D2EF /* TutorialView.swift */ = {isa = PBXFileReference; lastKnownFileType = sourcecode.swift; path = TutorialView.swift; sourceTree = "<group>"; };
		B4F8BC662703769D0028D2EF /* kidView1.json */ = {isa = PBXFileReference; fileEncoding = 4; lastKnownFileType = text.json; path = kidView1.json; sourceTree = "<group>"; };
		B4F8BC672703769E0028D2EF /* pocketMoney.json */ = {isa = PBXFileReference; fileEncoding = 4; lastKnownFileType = text.json; path = pocketMoney.json; sourceTree = "<group>"; };
		B4F8BC6A270387CE0028D2EF /* SignUpViewModel.swift */ = {isa = PBXFileReference; lastKnownFileType = sourcecode.swift; path = SignUpViewModel.swift; sourceTree = "<group>"; };
		B4F8BC6D2704695D0028D2EF /* HomeViewModel.swift */ = {isa = PBXFileReference; lastKnownFileType = sourcecode.swift; path = HomeViewModel.swift; sourceTree = "<group>"; };
/* End PBXFileReference section */

/* Begin PBXFrameworksBuildPhase section */
		B4F8BC192701FA240028D2EF /* Frameworks */ = {
			isa = PBXFrameworksBuildPhase;
			buildActionMask = 2147483647;
			files = (
				B444C8D32812C69B00628BFC /* Alamofire in Frameworks */,
				B4FD9A0E27EC125E001E5B0F /* FirebaseMessaging in Frameworks */,
				B4FD9A0827EC125E001E5B0F /* FirebaseAuth in Frameworks */,
				B4FD9A1027EC125E001E5B0F /* FirebaseStorage in Frameworks */,
				B4F8BC42270233CF0028D2EF /* Lottie in Frameworks */,
				B4E7CE1D27FD8E5F00C66864 /* SDWebImageSwiftUI in Frameworks */,
				B4FD9A0627EC125E001E5B0F /* FirebaseAnalytics in Frameworks */,
				B4FD9A0C27EC125E001E5B0F /* FirebaseFirestoreSwift-Beta in Frameworks */,
				B4FD9A0A27EC125E001E5B0F /* FirebaseFirestore in Frameworks */,
			);
			runOnlyForDeploymentPostprocessing = 0;
		};
/* End PBXFrameworksBuildPhase section */

/* Begin PBXGroup section */
		AA77B984074C36EBBE4D34A6 /* Frameworks */ = {
			isa = PBXGroup;
			children = (
				B46EC1C627EC03330071DCAD /* FirebaseAuth.framework */,
				B46EC1C727EC03330071DCAD /* FirebaseFirestore.framework */,
			);
			name = Frameworks;
			sourceTree = "<group>";
		};
		B4003AFC27EBEF650065EBF3 /* Packages */ = {
			isa = PBXGroup;
			children = (
			);
			name = Packages;
			sourceTree = "<group>";
		};
		B444C8D42812C6C400628BFC /* Currency */ = {
			isa = PBXGroup;
			children = (
				B44AC77C2812C487008F92E6 /* CurrencyRates.swift */,
				B444C8D52812C6D300628BFC /* Currency.swift */,
				B444C8D72812EAAB00628BFC /* CurrencyRatesViewModel.swift */,
			);
			path = Currency;
			sourceTree = "<group>";
		};
		B444C8D92812F16400628BFC /* Transfer and Save buttons */ = {
			isa = PBXGroup;
			children = (
				B4622524280D864C0020B810 /* TransferSaveView.swift */,
				B4622526280D8A080020B810 /* SavingMoneyView.swift */,
				B4622528280D97560020B810 /* CardTransfer.swift */,
				B444C8DA2812F1C500628BFC /* TransferSaveViewModel.swift */,
			);
			path = "Transfer and Save buttons";
			sourceTree = "<group>";
		};
		B444C8E428170B5900628BFC /* ImagePicker */ = {
			isa = PBXGroup;
			children = (
				B444C8E528170B9B00628BFC /* ImagePicker.swift */,
			);
			path = ImagePicker;
			sourceTree = "<group>";
		};
		B444C8E728171B3F00628BFC /* Profile Info */ = {
			isa = PBXGroup;
			children = (
				B4E7CE1927FD8C6B00C66864 /* ProfileView.swift */,
				B4CAAE7828171BEA00FD7D51 /* ProfileViewModel.swift */,
			);
			path = "Profile Info";
			sourceTree = "<group>";
		};
		B461D40327DB72D9003ACBE8 /* Models */ = {
			isa = PBXGroup;
			children = (
				B461D40427DB72F2003ACBE8 /* CardType.swift */,
				B461D40627DB7322003ACBE8 /* CreditCard.swift */,
				B461D40827DB7885003ACBE8 /* TransactionItem.swift */,
				B461D40A27DB78D6003ACBE8 /* Expense.swift */,
				B4D3626527EB99FA004A37DA /* User.swift */,
				B444C8E02816DE0700628BFC /* PocketMoney.swift */,
			);
			path = Models;
			sourceTree = "<group>";
		};
		B461D40C27DB7941003ACBE8 /* Utils */ = {
			isa = PBXGroup;
			children = (
				B461D40D27DB7960003ACBE8 /* Data.swift */,
				B461D40F27DB7BD3003ACBE8 /* ColorConstants.swift */,
			);
			path = Utils;
			sourceTree = "<group>";
		};
		B461D41127DB7CC1003ACBE8 /* Services */ = {
			isa = PBXGroup;
			children = (
				B461D41227DB7CD9003ACBE8 /* CardManager.swift */,
			);
			path = Services;
			sourceTree = "<group>";
		};
		B461D41427DB7D6E003ACBE8 /* Views */ = {
			isa = PBXGroup;
			children = (
				B4F8BC2F27020E440028D2EF /* Registration */,
				B4F8BC3B270219BD0028D2EF /* Home */,
				B461D42127DB8BE8003ACBE8 /* CardDetails */,
				B4F8BC212701FA240028D2EF /* ContentView.swift */,
				B4F8BC64270375470028D2EF /* TutorialView.swift */,
				B461D41527DB7D83003ACBE8 /* CardView.swift */,
				B461D41727DB81A0003ACBE8 /* PagerView.swift */,
				B461D41927DB83AF003ACBE8 /* MenuHeaderView.swift */,
				B461D41B27DB8A71003ACBE8 /* TransactionListRow.swift */,
				B461D41D27DB8B2B003ACBE8 /* TransactionListView.swift */,
				B461D41F27DB8B9D003ACBE8 /* ListHeader.swift */,
				B4D3625827DF7B0F004A37DA /* PersonalDetailView.swift */,
				B428097627FF1AE2002F9365 /* LaunchScreen.storyboard */,
			);
			path = Views;
			sourceTree = "<group>";
		};
		B461D42127DB8BE8003ACBE8 /* CardDetails */ = {
			isa = PBXGroup;
			children = (
				B461D42227DB8BF5003ACBE8 /* ProgressView.swift */,
				B461D42427DB8CAE003ACBE8 /* CardInfoView.swift */,
				B461D42627DB8CF4003ACBE8 /* GraphView.swift */,
				B461D42827DB8D2C003ACBE8 /* CardDetailView.swift */,
			);
			path = CardDetails;
			sourceTree = "<group>";
		};
		B4D3625A27EA1462004A37DA /* SideMenu */ = {
			isa = PBXGroup;
			children = (
				B4D3625B27EA1481004A37DA /* SideMenuView.swift */,
				B4D3625D27EA148E004A37DA /* SideMenuHeaderView.swift */,
				B4D3625F27EA149D004A37DA /* SideMenuCellView.swift */,
				B4D3626127EA14BD004A37DA /* SideMenuViewModel.swift */,
			);
			path = SideMenu;
			sourceTree = "<group>";
		};
		B4F8BC132701FA240028D2EF = {
			isa = PBXGroup;
			children = (
				B4003AFC27EBEF650065EBF3 /* Packages */,
				B4F8BC1E2701FA240028D2EF /* KidsApp */,
				B4F8BC1D2701FA240028D2EF /* Products */,
				AA77B984074C36EBBE4D34A6 /* Frameworks */,
			);
			sourceTree = "<group>";
		};
		B4F8BC1D2701FA240028D2EF /* Products */ = {
			isa = PBXGroup;
			children = (
				B4F8BC1C2701FA240028D2EF /* KidsApp.app */,
			);
			name = Products;
			sourceTree = "<group>";
		};
		B4F8BC1E2701FA240028D2EF /* KidsApp */ = {
			isa = PBXGroup;
			children = (
				B461D41127DB7CC1003ACBE8 /* Services */,
				B4F8BC502702473E0028D2EF /* Presentation */,
				B461D40C27DB7941003ACBE8 /* Utils */,
				B461D40327DB72D9003ACBE8 /* Models */,
				B461D41427DB7D6E003ACBE8 /* Views */,
				B4F8BC432702342D0028D2EF /* LottieFiles */,
				B4F8BC1F2701FA240028D2EF /* KidsApp.swift */,
				B48A7ABE27F1BE4300A6E73B /* GoogleService-Info.plist */,
				B4F8BC232701FA270028D2EF /* Assets.xcassets */,
				B4F8BC252701FA270028D2EF /* Preview Content */,
			);
			path = KidsApp;
			sourceTree = "<group>";
		};
		B4F8BC252701FA270028D2EF /* Preview Content */ = {
			isa = PBXGroup;
			children = (
				B4F8BC262701FA270028D2EF /* Preview Assets.xcassets */,
			);
			path = "Preview Content";
			sourceTree = "<group>";
		};
		B4F8BC2F27020E440028D2EF /* Registration */ = {
			isa = PBXGroup;
			children = (
				B4F8BC37270219180028D2EF /* Sign Up */,
				B4F8BC36270219060028D2EF /* Sign In */,
			);
			path = Registration;
			sourceTree = "<group>";
		};
		B4F8BC36270219060028D2EF /* Sign In */ = {
			isa = PBXGroup;
			children = (
				B4F8BC322702114F0028D2EF /* SignInView.swift */,
				B47AAA992811A2B20072B748 /* SignInViewModel.swift */,
			);
			path = "Sign In";
			sourceTree = "<group>";
		};
		B4F8BC37270219180028D2EF /* Sign Up */ = {
			isa = PBXGroup;
			children = (
				B4F8BC34270211A00028D2EF /* SignUpView.swift */,
				B4F8BC6A270387CE0028D2EF /* SignUpViewModel.swift */,
			);
			path = "Sign Up";
			sourceTree = "<group>";
		};
		B4F8BC38270219560028D2EF /* Auth */ = {
			isa = PBXGroup;
			children = (
				B4F8BC392702197D0028D2EF /* AuthManager.swift */,
			);
			path = Auth;
			sourceTree = "<group>";
		};
		B4F8BC3B270219BD0028D2EF /* Home */ = {
			isa = PBXGroup;
			children = (
				B4F8BC3C270219CB0028D2EF /* HomeView.swift */,
				B4F8BC6D2704695D0028D2EF /* HomeViewModel.swift */,
				B444C8E728171B3F00628BFC /* Profile Info */,
				B444C8D92812F16400628BFC /* Transfer and Save buttons */,
				B444C8D42812C6C400628BFC /* Currency */,
				B444C8E428170B5900628BFC /* ImagePicker */,
				B4D3625A27EA1462004A37DA /* SideMenu */,
				B4D3626327EB7A9D004A37DA /* TopBarView.swift */,
				B4E7CE1727FCAF1E00C66864 /* AddKidView.swift */,
				B436783B280DE68B00189041 /* MathGame.swift */,
				B4367843280EC46B00189041 /* ChatBot.swift */,
				B4186028281008360089E60F /* CardBackView.swift */,
				B47AAA97281056AF0072B748 /* AddPocketMoneyView.swift */,
			);
			path = Home;
			sourceTree = "<group>";
		};
		B4F8BC432702342D0028D2EF /* LottieFiles */ = {
			isa = PBXGroup;
			children = (
				B4F8BC6C270389210028D2EF /* Files */,
				B4F8BC4A2702351F0028D2EF /* LottieView.swift */,
				B4F8BC5E270360B20028D2EF /* Loading.swift */,
			);
			path = LottieFiles;
			sourceTree = "<group>";
		};
		B4F8BC502702473E0028D2EF /* Presentation */ = {
			isa = PBXGroup;
			children = (
				B4F8BC38270219560028D2EF /* Auth */,
				B4F8BC5727024B880028D2EF /* Components */,
				B4F8BC54270249070028D2EF /* Extensions */,
			);
			path = Presentation;
			sourceTree = "<group>";
		};
		B4F8BC54270249070028D2EF /* Extensions */ = {
			isa = PBXGroup;
			children = (
				B4F8BC6227036F0A0028D2EF /* KeyboardResponsive.swift */,
			);
			path = Extensions;
			sourceTree = "<group>";
		};
		B4F8BC5727024B880028D2EF /* Components */ = {
			isa = PBXGroup;
			children = (
				B4F8BC5A27031D8A0028D2EF /* CustomTF.swift */,
				B4F8BC5C27033C610028D2EF /* CustomButtonModifier.swift */,
				B46225222809D2920020B810 /* CustomHomeButton.swift */,
				B4186024280ED5A40089E60F /* CustomPocketMoneyButton.swift */,
			);
			path = Components;
			sourceTree = "<group>";
		};
		B4F8BC6C270389210028D2EF /* Files */ = {
			isa = PBXGroup;
			children = (
				B4F8BC45270234F60028D2EF /* loading.json */,
				B4F8BC44270234F60028D2EF /* loaderYellow.json */,
				B43A7E102706274700244A76 /* kidView2.json */,
				B444C8E22817035600628BFC /* wallet.json */,
				B43A7E112706274700244A76 /* kidView3.json */,
				B436783D280DF4C800189041 /* wrong.json */,
				B43A7E0F2706274700244A76 /* kidView4.json */,
				B4F8BC4E27023D710028D2EF /* load.json */,
				B4F8BC672703769E0028D2EF /* pocketMoney.json */,
				B4367841280DF5C600189041 /* correct.json */,
				B4186022280ED1850089E60F /* signOut.json */,
				B4367835280DAD8900189041 /* loadingPurple.json */,
				B4F8BC46270234F60028D2EF /* save.json */,
				B4F8BC60270362E40028D2EF /* loadingDots.json */,
				B4F8BC4C27023A2B0028D2EF /* loadingView.json */,
				B4367839280DB18500189041 /* loadingSuccess.json */,
				B4186026280EDB090089E60F /* savings.json */,
				B4F8BC662703769D0028D2EF /* kidView1.json */,
			);
			path = Files;
			sourceTree = "<group>";
		};
/* End PBXGroup section */

/* Begin PBXNativeTarget section */
		B4F8BC1B2701FA240028D2EF /* KidsApp */ = {
			isa = PBXNativeTarget;
			buildConfigurationList = B4F8BC2A2701FA270028D2EF /* Build configuration list for PBXNativeTarget "KidsApp" */;
			buildPhases = (
				B4F8BC182701FA240028D2EF /* Sources */,
				B4F8BC192701FA240028D2EF /* Frameworks */,
				B4F8BC1A2701FA240028D2EF /* Resources */,
				B46EC1C527EC031A0071DCAD /* Embed Frameworks */,
			);
			buildRules = (
			);
			dependencies = (
			);
			name = KidsApp;
			packageProductDependencies = (
				B4F8BC41270233CF0028D2EF /* Lottie */,
				B4FD9A0527EC125E001E5B0F /* FirebaseAnalytics */,
				B4FD9A0727EC125E001E5B0F /* FirebaseAuth */,
				B4FD9A0927EC125E001E5B0F /* FirebaseFirestore */,
				B4FD9A0B27EC125E001E5B0F /* FirebaseFirestoreSwift-Beta */,
				B4FD9A0D27EC125E001E5B0F /* FirebaseMessaging */,
				B4FD9A0F27EC125E001E5B0F /* FirebaseStorage */,
				B4E7CE1C27FD8E5F00C66864 /* SDWebImageSwiftUI */,
				B444C8D22812C69B00628BFC /* Alamofire */,
			);
			productName = KidsApp;
			productReference = B4F8BC1C2701FA240028D2EF /* KidsApp.app */;
			productType = "com.apple.product-type.application";
		};
/* End PBXNativeTarget section */

/* Begin PBXProject section */
		B4F8BC142701FA240028D2EF /* Project object */ = {
			isa = PBXProject;
			attributes = {
				BuildIndependentTargetsInParallel = 1;
				LastSwiftUpdateCheck = 1300;
				LastUpgradeCheck = 1300;
				TargetAttributes = {
					B4F8BC1B2701FA240028D2EF = {
						CreatedOnToolsVersion = 13.0;
					};
				};
			};
			buildConfigurationList = B4F8BC172701FA240028D2EF /* Build configuration list for PBXProject "KidsApp" */;
			compatibilityVersion = "Xcode 13.0";
			developmentRegion = en;
			hasScannedForEncodings = 0;
			knownRegions = (
				en,
				Base,
			);
			mainGroup = B4F8BC132701FA240028D2EF;
			packageReferences = (
				B4F8BC40270233CE0028D2EF /* XCRemoteSwiftPackageReference "lottie-ios" */,
				B4FD9A0427EC125E001E5B0F /* XCRemoteSwiftPackageReference "firebase-ios-sdk" */,
				B4E7CE1B27FD8E5F00C66864 /* XCRemoteSwiftPackageReference "SDWebImageSwiftUI" */,
				B444C8D12812C69B00628BFC /* XCRemoteSwiftPackageReference "Alamofire" */,
			);
			productRefGroup = B4F8BC1D2701FA240028D2EF /* Products */;
			projectDirPath = "";
			projectRoot = "";
			targets = (
				B4F8BC1B2701FA240028D2EF /* KidsApp */,
			);
		};
/* End PBXProject section */

/* Begin PBXResourcesBuildPhase section */
		B4F8BC1A2701FA240028D2EF /* Resources */ = {
			isa = PBXResourcesBuildPhase;
			buildActionMask = 2147483647;
			files = (
				B43A7E132706274700244A76 /* kidView2.json in Resources */,
				B4F8BC61270362E40028D2EF /* loadingDots.json in Resources */,
				B4F8BC682703769E0028D2EF /* kidView1.json in Resources */,
				B428097727FF1AE2002F9365 /* LaunchScreen.storyboard in Resources */,
				B43A7E142706274700244A76 /* kidView3.json in Resources */,
				B436783F280DF4C800189041 /* wrong.json in Resources */,
				B444C8E32817035700628BFC /* wallet.json in Resources */,
				B4F8BC47270234F60028D2EF /* loaderYellow.json in Resources */,
				B4F8BC4F27023D720028D2EF /* load.json in Resources */,
				B4F8BC692703769E0028D2EF /* pocketMoney.json in Resources */,
				B4F8BC272701FA270028D2EF /* Preview Assets.xcassets in Resources */,
				B4F8BC4D27023A2B0028D2EF /* loadingView.json in Resources */,
				B4F8BC49270234F60028D2EF /* save.json in Resources */,
				B43A7E122706274700244A76 /* kidView4.json in Resources */,
				B4F8BC242701FA270028D2EF /* Assets.xcassets in Resources */,
				B436783A280DB18500189041 /* loadingSuccess.json in Resources */,
				B4367836280DAD8900189041 /* loadingPurple.json in Resources */,
				B4F8BC48270234F60028D2EF /* loading.json in Resources */,
				B4186027280EDB090089E60F /* savings.json in Resources */,
				B4186023280ED1850089E60F /* signOut.json in Resources */,
				B48A7ABF27F1BE4300A6E73B /* GoogleService-Info.plist in Resources */,
				B4367842280DF5C600189041 /* correct.json in Resources */,
			);
			runOnlyForDeploymentPostprocessing = 0;
		};
/* End PBXResourcesBuildPhase section */

/* Begin PBXSourcesBuildPhase section */
		B4F8BC182701FA240028D2EF /* Sources */ = {
			isa = PBXSourcesBuildPhase;
			buildActionMask = 2147483647;
			files = (
				B4622525280D864C0020B810 /* TransferSaveView.swift in Sources */,
				B461D40B27DB78D6003ACBE8 /* Expense.swift in Sources */,
				B4F8BC35270211A00028D2EF /* SignUpView.swift in Sources */,
				B461D41A27DB83AF003ACBE8 /* MenuHeaderView.swift in Sources */,
				B4D3625C27EA1481004A37DA /* SideMenuView.swift in Sources */,
				B461D42527DB8CAE003ACBE8 /* CardInfoView.swift in Sources */,
				B46225232809D2920020B810 /* CustomHomeButton.swift in Sources */,
				B4E7CE1827FCAF1E00C66864 /* AddKidView.swift in Sources */,
				B444C8D62812C6D300628BFC /* Currency.swift in Sources */,
				B4F8BC6B270387CF0028D2EF /* SignUpViewModel.swift in Sources */,
				B47AAA98281056AF0072B748 /* AddPocketMoneyView.swift in Sources */,
				B461D41C27DB8A71003ACBE8 /* TransactionListRow.swift in Sources */,
				B4F8BC332702114F0028D2EF /* SignInView.swift in Sources */,
				B4F8BC5F270360B20028D2EF /* Loading.swift in Sources */,
				B461D40E27DB7960003ACBE8 /* Data.swift in Sources */,
				B47AAA9A2811A2B20072B748 /* SignInViewModel.swift in Sources */,
				B4D3626427EB7A9E004A37DA /* TopBarView.swift in Sources */,
				B4F8BC222701FA240028D2EF /* ContentView.swift in Sources */,
				B444C8E12816DE0700628BFC /* PocketMoney.swift in Sources */,
				B461D42727DB8CF4003ACBE8 /* GraphView.swift in Sources */,
				B44AC77D2812C487008F92E6 /* CurrencyRates.swift in Sources */,
				B444C8D82812EAAB00628BFC /* CurrencyRatesViewModel.swift in Sources */,
				B4F8BC5D27033C620028D2EF /* CustomButtonModifier.swift in Sources */,
				B444C8DB2812F1C500628BFC /* TransferSaveViewModel.swift in Sources */,
				B4D3626227EA14BD004A37DA /* SideMenuViewModel.swift in Sources */,
				B4F8BC3D270219CB0028D2EF /* HomeView.swift in Sources */,
				B4F8BC202701FA240028D2EF /* KidsApp.swift in Sources */,
				B4F8BC3A2702197D0028D2EF /* AuthManager.swift in Sources */,
				B4367844280EC46B00189041 /* ChatBot.swift in Sources */,
				B436783C280DE68B00189041 /* MathGame.swift in Sources */,
				B4D3626627EB99FB004A37DA /* User.swift in Sources */,
				B461D41827DB81A0003ACBE8 /* PagerView.swift in Sources */,
				B4D3625927DF7B0F004A37DA /* PersonalDetailView.swift in Sources */,
				B4622529280D97560020B810 /* CardTransfer.swift in Sources */,
				B461D41E27DB8B2B003ACBE8 /* TransactionListView.swift in Sources */,
				B461D41627DB7D83003ACBE8 /* CardView.swift in Sources */,
				B4F8BC6E2704695F0028D2EF /* HomeViewModel.swift in Sources */,
				B461D42927DB8D2C003ACBE8 /* CardDetailView.swift in Sources */,
				B461D41027DB7BD3003ACBE8 /* ColorConstants.swift in Sources */,
				B4CAAE7928171BEB00FD7D51 /* ProfileViewModel.swift in Sources */,
				B4D3625E27EA148E004A37DA /* SideMenuHeaderView.swift in Sources */,
				B4622527280D8A080020B810 /* SavingMoneyView.swift in Sources */,
				B461D42327DB8BF5003ACBE8 /* ProgressView.swift in Sources */,
				B4186029281008360089E60F /* CardBackView.swift in Sources */,
				B4F8BC65270375480028D2EF /* TutorialView.swift in Sources */,
				B4D3626027EA149D004A37DA /* SideMenuCellView.swift in Sources */,
				B444C8E628170B9B00628BFC /* ImagePicker.swift in Sources */,
				B4186025280ED5A40089E60F /* CustomPocketMoneyButton.swift in Sources */,
				B4F8BC6327036F0A0028D2EF /* KeyboardResponsive.swift in Sources */,
				B4E7CE1A27FD8C6B00C66864 /* ProfileView.swift in Sources */,
				B461D42027DB8B9D003ACBE8 /* ListHeader.swift in Sources */,
				B461D40527DB72F2003ACBE8 /* CardType.swift in Sources */,
				B4F8BC4B2702351F0028D2EF /* LottieView.swift in Sources */,
				B461D41327DB7CD9003ACBE8 /* CardManager.swift in Sources */,
				B4F8BC5B27031D8A0028D2EF /* CustomTF.swift in Sources */,
				B461D40927DB7885003ACBE8 /* TransactionItem.swift in Sources */,
				B461D40727DB7322003ACBE8 /* CreditCard.swift in Sources */,
			);
			runOnlyForDeploymentPostprocessing = 0;
		};
/* End PBXSourcesBuildPhase section */

/* Begin XCBuildConfiguration section */
		B4F8BC282701FA270028D2EF /* Debug */ = {
			isa = XCBuildConfiguration;
			buildSettings = {
				ALWAYS_SEARCH_USER_PATHS = NO;
				CLANG_ANALYZER_NONNULL = YES;
				CLANG_ANALYZER_NUMBER_OBJECT_CONVERSION = YES_AGGRESSIVE;
				CLANG_CXX_LANGUAGE_STANDARD = "gnu++17";
				CLANG_CXX_LIBRARY = "libc++";
				CLANG_ENABLE_MODULES = YES;
				CLANG_ENABLE_OBJC_ARC = YES;
				CLANG_ENABLE_OBJC_WEAK = YES;
				CLANG_WARN_BLOCK_CAPTURE_AUTORELEASING = YES;
				CLANG_WARN_BOOL_CONVERSION = YES;
				CLANG_WARN_COMMA = YES;
				CLANG_WARN_CONSTANT_CONVERSION = YES;
				CLANG_WARN_DEPRECATED_OBJC_IMPLEMENTATIONS = YES;
				CLANG_WARN_DIRECT_OBJC_ISA_USAGE = YES_ERROR;
				CLANG_WARN_DOCUMENTATION_COMMENTS = YES;
				CLANG_WARN_EMPTY_BODY = YES;
				CLANG_WARN_ENUM_CONVERSION = YES;
				CLANG_WARN_INFINITE_RECURSION = YES;
				CLANG_WARN_INT_CONVERSION = YES;
				CLANG_WARN_NON_LITERAL_NULL_CONVERSION = YES;
				CLANG_WARN_OBJC_IMPLICIT_RETAIN_SELF = YES;
				CLANG_WARN_OBJC_LITERAL_CONVERSION = YES;
				CLANG_WARN_OBJC_ROOT_CLASS = YES_ERROR;
				CLANG_WARN_QUOTED_INCLUDE_IN_FRAMEWORK_HEADER = YES;
				CLANG_WARN_RANGE_LOOP_ANALYSIS = YES;
				CLANG_WARN_STRICT_PROTOTYPES = YES;
				CLANG_WARN_SUSPICIOUS_MOVE = YES;
				CLANG_WARN_UNGUARDED_AVAILABILITY = YES_AGGRESSIVE;
				CLANG_WARN_UNREACHABLE_CODE = YES;
				CLANG_WARN__DUPLICATE_METHOD_MATCH = YES;
				COPY_PHASE_STRIP = NO;
				DEBUG_INFORMATION_FORMAT = dwarf;
				ENABLE_STRICT_OBJC_MSGSEND = YES;
				ENABLE_TESTABILITY = YES;
				GCC_C_LANGUAGE_STANDARD = gnu11;
				GCC_DYNAMIC_NO_PIC = NO;
				GCC_NO_COMMON_BLOCKS = YES;
				GCC_OPTIMIZATION_LEVEL = 0;
				GCC_PREPROCESSOR_DEFINITIONS = (
					"DEBUG=1",
					"$(inherited)",
				);
				GCC_WARN_64_TO_32_BIT_CONVERSION = YES;
				GCC_WARN_ABOUT_RETURN_TYPE = YES_ERROR;
				GCC_WARN_UNDECLARED_SELECTOR = YES;
				GCC_WARN_UNINITIALIZED_AUTOS = YES_AGGRESSIVE;
				GCC_WARN_UNUSED_FUNCTION = YES;
				GCC_WARN_UNUSED_VARIABLE = YES;
				IPHONEOS_DEPLOYMENT_TARGET = 15.0;
				MTL_ENABLE_DEBUG_INFO = INCLUDE_SOURCE;
				MTL_FAST_MATH = YES;
				ONLY_ACTIVE_ARCH = YES;
				SDKROOT = iphoneos;
				SWIFT_ACTIVE_COMPILATION_CONDITIONS = DEBUG;
				SWIFT_OPTIMIZATION_LEVEL = "-Onone";
			};
			name = Debug;
		};
		B4F8BC292701FA270028D2EF /* Release */ = {
			isa = XCBuildConfiguration;
			buildSettings = {
				ALWAYS_SEARCH_USER_PATHS = NO;
				CLANG_ANALYZER_NONNULL = YES;
				CLANG_ANALYZER_NUMBER_OBJECT_CONVERSION = YES_AGGRESSIVE;
				CLANG_CXX_LANGUAGE_STANDARD = "gnu++17";
				CLANG_CXX_LIBRARY = "libc++";
				CLANG_ENABLE_MODULES = YES;
				CLANG_ENABLE_OBJC_ARC = YES;
				CLANG_ENABLE_OBJC_WEAK = YES;
				CLANG_WARN_BLOCK_CAPTURE_AUTORELEASING = YES;
				CLANG_WARN_BOOL_CONVERSION = YES;
				CLANG_WARN_COMMA = YES;
				CLANG_WARN_CONSTANT_CONVERSION = YES;
				CLANG_WARN_DEPRECATED_OBJC_IMPLEMENTATIONS = YES;
				CLANG_WARN_DIRECT_OBJC_ISA_USAGE = YES_ERROR;
				CLANG_WARN_DOCUMENTATION_COMMENTS = YES;
				CLANG_WARN_EMPTY_BODY = YES;
				CLANG_WARN_ENUM_CONVERSION = YES;
				CLANG_WARN_INFINITE_RECURSION = YES;
				CLANG_WARN_INT_CONVERSION = YES;
				CLANG_WARN_NON_LITERAL_NULL_CONVERSION = YES;
				CLANG_WARN_OBJC_IMPLICIT_RETAIN_SELF = YES;
				CLANG_WARN_OBJC_LITERAL_CONVERSION = YES;
				CLANG_WARN_OBJC_ROOT_CLASS = YES_ERROR;
				CLANG_WARN_QUOTED_INCLUDE_IN_FRAMEWORK_HEADER = YES;
				CLANG_WARN_RANGE_LOOP_ANALYSIS = YES;
				CLANG_WARN_STRICT_PROTOTYPES = YES;
				CLANG_WARN_SUSPICIOUS_MOVE = YES;
				CLANG_WARN_UNGUARDED_AVAILABILITY = YES_AGGRESSIVE;
				CLANG_WARN_UNREACHABLE_CODE = YES;
				CLANG_WARN__DUPLICATE_METHOD_MATCH = YES;
				COPY_PHASE_STRIP = NO;
				DEBUG_INFORMATION_FORMAT = "dwarf-with-dsym";
				ENABLE_NS_ASSERTIONS = NO;
				ENABLE_STRICT_OBJC_MSGSEND = YES;
				GCC_C_LANGUAGE_STANDARD = gnu11;
				GCC_NO_COMMON_BLOCKS = YES;
				GCC_WARN_64_TO_32_BIT_CONVERSION = YES;
				GCC_WARN_ABOUT_RETURN_TYPE = YES_ERROR;
				GCC_WARN_UNDECLARED_SELECTOR = YES;
				GCC_WARN_UNINITIALIZED_AUTOS = YES_AGGRESSIVE;
				GCC_WARN_UNUSED_FUNCTION = YES;
				GCC_WARN_UNUSED_VARIABLE = YES;
				IPHONEOS_DEPLOYMENT_TARGET = 15.0;
				MTL_ENABLE_DEBUG_INFO = NO;
				MTL_FAST_MATH = YES;
				SDKROOT = iphoneos;
				SWIFT_COMPILATION_MODE = wholemodule;
				SWIFT_OPTIMIZATION_LEVEL = "-O";
				VALIDATE_PRODUCT = YES;
			};
			name = Release;
		};
		B4F8BC2B2701FA270028D2EF /* Debug */ = {
			isa = XCBuildConfiguration;
			buildSettings = {
				ASSETCATALOG_COMPILER_APPICON_NAME = AppIcon;
				ASSETCATALOG_COMPILER_GLOBAL_ACCENT_COLOR_NAME = AccentColor;
				CODE_SIGN_IDENTITY = "Apple Development";
				CODE_SIGN_STYLE = Automatic;
				CURRENT_PROJECT_VERSION = 1;
				DEVELOPMENT_ASSET_PATHS = "\"KidsApp/Preview Content\"";
				DEVELOPMENT_TEAM = 3ZLZ44YM76;
				ENABLE_PREVIEWS = YES;
				FRAMEWORK_SEARCH_PATHS = (
					"$(inherited)",
					"$(SDKROOT)/../../../../../../../../../Users/olehhaidar/Library/Developer/Xcode/DerivedData/KidsApp-cmmxcdlbcwhpwrashhaafshetpdx/Build/Products/Debug-iphoneos",
				);
				GENERATE_INFOPLIST_FILE = YES;
				INFOPLIST_KEY_UIApplicationSceneManifest_Generation = YES;
				INFOPLIST_KEY_UIApplicationSupportsIndirectInputEvents = YES;
				INFOPLIST_KEY_UILaunchScreen_Generation = YES;
				INFOPLIST_KEY_UILaunchStoryboardName = LaunchScreen;
				INFOPLIST_KEY_UISupportedInterfaceOrientations_iPad = "UIInterfaceOrientationPortrait UIInterfaceOrientationPortraitUpsideDown UIInterfaceOrientationLandscapeLeft UIInterfaceOrientationLandscapeRight";
				INFOPLIST_KEY_UISupportedInterfaceOrientations_iPhone = "UIInterfaceOrientationPortrait UIInterfaceOrientationLandscapeLeft UIInterfaceOrientationLandscapeRight";
				IPHONEOS_DEPLOYMENT_TARGET = 15.0;
				LD_RUNPATH_SEARCH_PATHS = (
					"$(inherited)",
					"@executable_path/Frameworks",
				);
				MARKETING_VERSION = 1.0;
				NEW_SETTING = "";
				PRODUCT_BUNDLE_IDENTIFIER = Oleh.KidsApp;
				PRODUCT_NAME = "$(TARGET_NAME)";
				PROVISIONING_PROFILE_SPECIFIER = "";
				SWIFT_EMIT_LOC_STRINGS = YES;
				SWIFT_VERSION = 5.0;
				TARGETED_DEVICE_FAMILY = "1,2";
			};
			name = Debug;
		};
		B4F8BC2C2701FA270028D2EF /* Release */ = {
			isa = XCBuildConfiguration;
			buildSettings = {
				ASSETCATALOG_COMPILER_APPICON_NAME = AppIcon;
				ASSETCATALOG_COMPILER_GLOBAL_ACCENT_COLOR_NAME = AccentColor;
				CODE_SIGN_IDENTITY = "Apple Development";
				CODE_SIGN_STYLE = Automatic;
				CURRENT_PROJECT_VERSION = 1;
				DEVELOPMENT_ASSET_PATHS = "\"KidsApp/Preview Content\"";
				DEVELOPMENT_TEAM = 3ZLZ44YM76;
				ENABLE_PREVIEWS = YES;
				FRAMEWORK_SEARCH_PATHS = (
					"$(inherited)",
					"$(SDKROOT)/../../../../../../../../../Users/olehhaidar/Library/Developer/Xcode/DerivedData/KidsApp-cmmxcdlbcwhpwrashhaafshetpdx/Build/Products/Debug-iphoneos",
				);
				GENERATE_INFOPLIST_FILE = YES;
				INFOPLIST_KEY_UIApplicationSceneManifest_Generation = YES;
				INFOPLIST_KEY_UIApplicationSupportsIndirectInputEvents = YES;
				INFOPLIST_KEY_UILaunchScreen_Generation = YES;
				INFOPLIST_KEY_UILaunchStoryboardName = LaunchScreen;
				INFOPLIST_KEY_UISupportedInterfaceOrientations_iPad = "UIInterfaceOrientationPortrait UIInterfaceOrientationPortraitUpsideDown UIInterfaceOrientationLandscapeLeft UIInterfaceOrientationLandscapeRight";
				INFOPLIST_KEY_UISupportedInterfaceOrientations_iPhone = "UIInterfaceOrientationPortrait UIInterfaceOrientationLandscapeLeft UIInterfaceOrientationLandscapeRight";
				IPHONEOS_DEPLOYMENT_TARGET = 15.0;
				LD_RUNPATH_SEARCH_PATHS = (
					"$(inherited)",
					"@executable_path/Frameworks",
				);
				MARKETING_VERSION = 1.0;
				NEW_SETTING = "";
				PRODUCT_BUNDLE_IDENTIFIER = Oleh.KidsApp;
				PRODUCT_NAME = "$(TARGET_NAME)";
				PROVISIONING_PROFILE_SPECIFIER = "";
				SWIFT_EMIT_LOC_STRINGS = YES;
				SWIFT_VERSION = 5.0;
				TARGETED_DEVICE_FAMILY = "1,2";
			};
			name = Release;
		};
/* End XCBuildConfiguration section */

/* Begin XCConfigurationList section */
		B4F8BC172701FA240028D2EF /* Build configuration list for PBXProject "KidsApp" */ = {
			isa = XCConfigurationList;
			buildConfigurations = (
				B4F8BC282701FA270028D2EF /* Debug */,
				B4F8BC292701FA270028D2EF /* Release */,
			);
			defaultConfigurationIsVisible = 0;
			defaultConfigurationName = Release;
		};
		B4F8BC2A2701FA270028D2EF /* Build configuration list for PBXNativeTarget "KidsApp" */ = {
			isa = XCConfigurationList;
			buildConfigurations = (
				B4F8BC2B2701FA270028D2EF /* Debug */,
				B4F8BC2C2701FA270028D2EF /* Release */,
			);
			defaultConfigurationIsVisible = 0;
			defaultConfigurationName = Release;
		};
/* End XCConfigurationList section */

/* Begin XCRemoteSwiftPackageReference section */
		B444C8D12812C69B00628BFC /* XCRemoteSwiftPackageReference "Alamofire" */ = {
			isa = XCRemoteSwiftPackageReference;
			repositoryURL = "https://github.com/Alamofire/Alamofire";
			requirement = {
				kind = upToNextMajorVersion;
				minimumVersion = 5.0.0;
			};
		};
		B4E7CE1B27FD8E5F00C66864 /* XCRemoteSwiftPackageReference "SDWebImageSwiftUI" */ = {
			isa = XCRemoteSwiftPackageReference;
			repositoryURL = "https://github.com/SDWebImage/SDWebImageSwiftUI";
			requirement = {
				kind = upToNextMajorVersion;
				minimumVersion = 2.0.0;
			};
		};
		B4F8BC40270233CE0028D2EF /* XCRemoteSwiftPackageReference "lottie-ios" */ = {
			isa = XCRemoteSwiftPackageReference;
			repositoryURL = "https://github.com/airbnb/lottie-ios";
			requirement = {
				kind = upToNextMajorVersion;
				minimumVersion = 3.0.0;
			};
		};
		B4FD9A0427EC125E001E5B0F /* XCRemoteSwiftPackageReference "firebase-ios-sdk" */ = {
			isa = XCRemoteSwiftPackageReference;
			repositoryURL = "https://github.com/firebase/firebase-ios-sdk";
			requirement = {
				kind = upToNextMajorVersion;
				minimumVersion = 8.0.0;
			};
		};
/* End XCRemoteSwiftPackageReference section */

/* Begin XCSwiftPackageProductDependency section */
		B444C8D22812C69B00628BFC /* Alamofire */ = {
			isa = XCSwiftPackageProductDependency;
			package = B444C8D12812C69B00628BFC /* XCRemoteSwiftPackageReference "Alamofire" */;
			productName = Alamofire;
		};
		B4E7CE1C27FD8E5F00C66864 /* SDWebImageSwiftUI */ = {
			isa = XCSwiftPackageProductDependency;
			package = B4E7CE1B27FD8E5F00C66864 /* XCRemoteSwiftPackageReference "SDWebImageSwiftUI" */;
			productName = SDWebImageSwiftUI;
		};
		B4F8BC41270233CF0028D2EF /* Lottie */ = {
			isa = XCSwiftPackageProductDependency;
			package = B4F8BC40270233CE0028D2EF /* XCRemoteSwiftPackageReference "lottie-ios" */;
			productName = Lottie;
		};
		B4FD9A0527EC125E001E5B0F /* FirebaseAnalytics */ = {
			isa = XCSwiftPackageProductDependency;
			package = B4FD9A0427EC125E001E5B0F /* XCRemoteSwiftPackageReference "firebase-ios-sdk" */;
			productName = FirebaseAnalytics;
		};
		B4FD9A0727EC125E001E5B0F /* FirebaseAuth */ = {
			isa = XCSwiftPackageProductDependency;
			package = B4FD9A0427EC125E001E5B0F /* XCRemoteSwiftPackageReference "firebase-ios-sdk" */;
			productName = FirebaseAuth;
		};
		B4FD9A0927EC125E001E5B0F /* FirebaseFirestore */ = {
			isa = XCSwiftPackageProductDependency;
			package = B4FD9A0427EC125E001E5B0F /* XCRemoteSwiftPackageReference "firebase-ios-sdk" */;
			productName = FirebaseFirestore;
		};
		B4FD9A0B27EC125E001E5B0F /* FirebaseFirestoreSwift-Beta */ = {
			isa = XCSwiftPackageProductDependency;
			package = B4FD9A0427EC125E001E5B0F /* XCRemoteSwiftPackageReference "firebase-ios-sdk" */;
			productName = "FirebaseFirestoreSwift-Beta";
		};
		B4FD9A0D27EC125E001E5B0F /* FirebaseMessaging */ = {
			isa = XCSwiftPackageProductDependency;
			package = B4FD9A0427EC125E001E5B0F /* XCRemoteSwiftPackageReference "firebase-ios-sdk" */;
			productName = FirebaseMessaging;
		};
		B4FD9A0F27EC125E001E5B0F /* FirebaseStorage */ = {
			isa = XCSwiftPackageProductDependency;
			package = B4FD9A0427EC125E001E5B0F /* XCRemoteSwiftPackageReference "firebase-ios-sdk" */;
			productName = FirebaseStorage;
		};
/* End XCSwiftPackageProductDependency section */
	};
	rootObject = B4F8BC142701FA240028D2EF /* Project object */;
}
